{
  "requires": true,
  "lockfileVersion": 1,
  "dependencies": {
    "@angular/compiler": {
      "version": "11.0.1",
      "resolved": "https://registry.npmjs.org/@angular/compiler/-/compiler-11.0.1.tgz",
      "integrity": "sha512-96IT7zZPQ4JQGYxknj8XyJxStS6feoR5L8K6dKREDzmSUt3fP1nzZe/pDdfrMvUiiwWx73yPpKJXYNaxNbIWMA==",
      "dev": true,
      "requires": {
        "tslib": "^2.0.0"
      }
    },
    "tslib": {
      "version": "2.0.3",
      "resolved": "https://registry.npmjs.org/tslib/-/tslib-2.0.3.tgz",
      "integrity": "sha512-uZtkfKblCEQtZKBF6EBXVZeQNl82yqtDQdv+eck8u7tdPxjLu2/lp5/uPW+um2tpuxINHWy3GhiccY7QgEaVHQ==",
      "dev": true
    }
  }
}
